{
  "version": 4,
  "terraform_version": "1.5.7",
  "serial": 124,
  "lineage": "541875ab-7e6e-b4ec-7966-739c024c56fc",
  "outputs": {},
  "resources": [
    {
      "module": "module.Compute",
      "mode": "managed",
      "type": "google_container_cluster",
      "name": "gke-cluster",
      "provider": "provider[\"registry.terraform.io/hashicorp/google\"]",
      "instances": [
        {
          "schema_version": 2,
          "attributes": {
            "addons_config": [
              {
                "cloudrun_config": [],
                "config_connector_config": [],
                "dns_cache_config": [],
                "gce_persistent_disk_csi_driver_config": [
                  {
                    "enabled": true
                  }
                ],
                "gcp_filestore_csi_driver_config": [],
                "gcs_fuse_csi_driver_config": [],
                "gke_backup_agent_config": [],
                "horizontal_pod_autoscaling": [],
                "http_load_balancing": [],
                "network_policy_config": [
                  {
                    "disabled": true
                  }
                ]
              }
            ],
            "allow_net_admin": null,
            "authenticator_groups_config": [],
            "binary_authorization": [
              {
                "enabled": false,
                "evaluation_mode": ""
              }
            ],
            "cluster_autoscaling": [
              {
                "auto_provisioning_defaults": [],
                "enabled": false,
                "resource_limits": []
              }
            ],
            "cluster_ipv4_cidr": "10.76.0.0/14",
            "confidential_nodes": [],
            "cost_management_config": [],
            "database_encryption": [
              {
                "key_name": "",
                "state": "DECRYPTED"
              }
            ],
            "datapath_provider": "",
            "default_max_pods_per_node": 110,
            "default_snat_status": [
              {
                "disabled": false
              }
            ],
            "deletion_protection": true,
            "description": "",
            "dns_config": [],
            "enable_autopilot": false,
            "enable_intranode_visibility": false,
            "enable_k8s_beta_apis": [],
            "enable_kubernetes_alpha": false,
            "enable_l4_ilb_subsetting": false,
            "enable_legacy_abac": false,
            "enable_shielded_nodes": true,
            "enable_tpu": false,
            "endpoint": "34.31.212.13",
            "gateway_api_config": [],
            "id": "projects/gcp-jenkins-terraform/locations/us-central1/clusters/gke-cluster",
            "identity_service_config": [],
            "initial_node_count": 1,
            "ip_allocation_policy": [
              {
                "additional_pod_ranges_config": [],
                "cluster_ipv4_cidr_block": "10.76.0.0/14",
                "cluster_secondary_range_name": "gke-gke-cluster-pods-a6774ef0",
                "pod_cidr_overprovision_config": [
                  {
                    "disabled": false
                  }
                ],
                "services_ipv4_cidr_block": "10.80.0.0/20",
                "services_secondary_range_name": "gke-gke-cluster-services-a6774ef0",
                "stack_type": "IPV4"
              }
            ],
            "label_fingerprint": "a9dc16a7",
            "location": "us-central1",
            "logging_config": [
              {
                "enable_components": [
                  "SYSTEM_COMPONENTS",
                  "WORKLOADS"
                ]
              }
            ],
            "logging_service": "logging.googleapis.com/kubernetes",
            "maintenance_policy": [],
            "master_auth": [
              {
                "client_certificate": "",
                "client_certificate_config": [
                  {
                    "issue_client_certificate": false
                  }
                ],
                "client_key": "",
                "cluster_ca_certificate": "LS0tLS1CRUdJTiBDRVJUSUZJQ0FURS0tLS0tCk1JSUVMRENDQXBTZ0F3SUJBZ0lRRTBFNWMyYWdZTmdzV1d4a3V6L0owREFOQmdrcWhraUc5dzBCQVFzRkFEQXYKTVMwd0t3WURWUVFERXlSa01tTTBOREF3T1MxbVpUZzFMVFJpTldNdFlUa3lPQzB5WlRsaU5HVmxNV0V6WWpndwpJQmNOTWpNeE1UQXpNVE15TVRVeldoZ1BNakExTXpFd01qWXhOREl4TlROYU1DOHhMVEFyQmdOVkJBTVRKR1F5Cll6UTBNREE1TFdabE9EVXROR0kxWXkxaE9USTRMVEpsT1dJMFpXVXhZVE5pT0RDQ0FhSXdEUVlKS29aSWh2Y04KQVFFQkJRQURnZ0dQQURDQ0FZb0NnZ0dCQU1oeUNMWmtzSTA3S2JTa3IzQ2ozMUNvTkxUUldYWm1zdWZuV1luNAp2NU1jcFNnUnFqU1gyOThKamVVQTREQWN3eExnLzd6ekIzZCtxLzRIQzVoQXAyc1VRemdQNDJ6T1Y4b3lJTG1GCi9LeHU4Z2JqZzllRjF1MEdxVzRaOWU0S3hoZENWZGY0L3E1QkVwT2V2aXc2UllGbEF4emd5QVRibUxOMjlRNFEKbVovUm9lYms0S1p0UEJ5ZWwrQW5FVDVyM3Nvcmh5WE14em1XMmxqVVZubUVma2ZMdWRaV3NIdWFYZTRHeFQ1UApLSWlxY29oWFdhM290VjExdWxtN25XTnpyakZwWXZPbE1xTE92REdNbGIrRWREVEEzNUlvSWVJcTBSZkp1b0hJCjloKzRpR05WYnlVNSt4WEdQZDVHY3JGSUFhS05aSlYxcDlYR1lmT3hHYm1qQy9JcWhFNlBKOWZwVjlyL1AyWmEKNmkzZnVndmxLWXE5RkdqWnd5bzdsMkdkVkppamVCeTdqNVVTLy8wVEJnMHlwc3Q2ckFsWkJsUjdacDVvMEdGMwpid2xscUsyU2NRSWN3QXZsUHFycnpnV0h3bG9tRXRnQW5SOWg5TnJYOElvTG5xbFVVWGlnaWhEbWEvRUpyM1RaCjY5aDB3eXU3VWVzQjBjankrcTVXN0xJMUNRSURBUUFCbzBJd1FEQU9CZ05WSFE4QkFmOEVCQU1DQWdRd0R3WUQKVlIwVEFRSC9CQVV3QXdFQi96QWRCZ05WSFE0RUZnUVVCejA1a1I1bTNPUFB1a3VMQ01VM0VLSXVKZDh3RFFZSgpLb1pJaHZjTkFRRUxCUUFEZ2dHQkFDQ0EzazJSVlExeEUyR2dxb2FwbzY4UlJkMWVxQzduV3NLdkRnMTREdEFhCmYvSisyMVVYc29QcFhHWW94SWxMZUR0eGNFYWFDRW4yRDNhYVM4dVY1K3BYY0Q0ejBWWnAwVnZxTURsZk9XQ0oKOVM2L3hJTXlKMS92ZDdLTVNHR0xTZ3VPQ0J1VE5veVFZOVdlbDJnVm1vNithbEw2cndvQ3JKeVNpYzQxVzZiUQpNa0VuWE9TQlMvbjZ6U1RESUtaSEdvWVRRcDBiay9sV1FWQVNzeVdKTmNuc0xFSDlrYTMyWE5PYlByYU9nNVV5CkZnaUIrZk5GQkE3SWhxd2FPUUdCdzhmL0VhdG9ELzRWdFBCM0FLMzJqRDg0NC91cHBudXFnVVRxNVJMemNjaE0KZkh4UDVBL2NWNjNneWMrQ3JPc2lwV2dCVU1iRXpyaEFaNEF4TkZIK2hEZXNoYWZ0VGJyQm9sWW5temFhaUpJbAplRXVmUG1td0hhd3NQU2Y3TU5NUTU4bHBIVjdhY1Y0WlJpVzRqbWZIa3c3NDAxWUZnRDdNWjhhVXliTHRucnpECm5qSC91MlQ3STVWRDhQZHMzdGxMdnU2azA5bGd2V2RVTlg1R2gxaVJFZHNsaFNvMEJkYzdERU5KZlpONytVdzEKSDlFM3laWGsvUTNscG80NUxwVXVoZz09Ci0tLS0tRU5EIENFUlRJRklDQVRFLS0tLS0K"
              }
            ],
            "master_authorized_networks_config": [],
            "master_version": "1.27.3-gke.100",
            "mesh_certificates": [],
            "min_master_version": null,
            "monitoring_config": [
              {
                "advanced_datapath_observability_config": [
                  {
                    "enable_metrics": false,
                    "relay_mode": "DISABLED"
                  }
                ],
                "enable_components": [
                  "SYSTEM_COMPONENTS"
                ],
                "managed_prometheus": [
                  {
                    "enabled": true
                  }
                ]
              }
            ],
            "monitoring_service": "monitoring.googleapis.com/kubernetes",
            "name": "gke-cluster",
            "network": "projects/gcp-jenkins-terraform/global/networks/vpc-network",
            "network_policy": [
              {
                "enabled": false,
                "provider": "PROVIDER_UNSPECIFIED"
              }
            ],
            "networking_mode": "VPC_NATIVE",
            "node_config": [],
            "node_locations": [
              "us-central1-b",
              "us-central1-c",
              "us-central1-f"
            ],
            "node_pool": [],
            "node_pool_auto_config": [],
            "node_pool_defaults": [
              {
                "node_config_defaults": [
                  {
                    "logging_variant": "DEFAULT"
                  }
                ]
              }
            ],
            "node_version": "1.27.3-gke.100",
            "notification_config": [
              {
                "pubsub": [
                  {
                    "enabled": false,
                    "filter": [],
                    "topic": ""
                  }
                ]
              }
            ],
            "operation": null,
            "private_cluster_config": [
              {
                "enable_private_endpoint": false,
                "enable_private_nodes": true,
                "master_global_access_config": [
                  {
                    "enabled": false
                  }
                ],
                "master_ipv4_cidr_block": "172.16.0.0/28",
                "peering_name": "gke-n0e33c422151b4b1a04e-603b-524f-peer",
                "private_endpoint": "172.16.0.2",
                "private_endpoint_subnetwork": "",
                "public_endpoint": "34.31.212.13"
              }
            ],
            "private_ipv6_google_access": "",
            "project": "gcp-jenkins-terraform",
            "release_channel": [
              {
                "channel": "REGULAR"
              }
            ],
            "remove_default_node_pool": true,
            "resource_labels": {},
            "resource_usage_export_config": [],
            "security_posture_config": [
              {
                "mode": "BASIC",
                "vulnerability_mode": "VULNERABILITY_MODE_UNSPECIFIED"
              }
            ],
            "self_link": "https://container.googleapis.com/v1/projects/gcp-jenkins-terraform/locations/us-central1/clusters/gke-cluster",
            "service_external_ips_config": [
              {
                "enabled": false
              }
            ],
            "services_ipv4_cidr": "10.80.0.0/20",
            "subnetwork": "projects/gcp-jenkins-terraform/regions/us-central1/subnetworks/public-subnet",
            "timeouts": null,
            "tpu_ipv4_cidr_block": "",
            "vertical_pod_autoscaling": [],
            "workload_identity_config": []
          },
          "sensitive_attributes": [],
          "private": "eyJlMmJmYjczMC1lY2FhLTExZTYtOGY4OC0zNDM2M2JjN2M0YzAiOnsiY3JlYXRlIjoyNDAwMDAwMDAwMDAwLCJkZWxldGUiOjI0MDAwMDAwMDAwMDAsInJlYWQiOjI0MDAwMDAwMDAwMDAsInVwZGF0ZSI6MzYwMDAwMDAwMDAwMH0sInNjaGVtYV92ZXJzaW9uIjoiMiJ9",
          "dependencies": [
            "module.Network.google_compute_network.vpc-network",
            "module.Network.google_compute_subnetwork.public-subnet",
            "module.Network.google_project_service.compute"
          ]
        }
      ]
    },
    {
      "module": "module.Network",
      "mode": "managed",
      "type": "google_compute_network",
      "name": "vpc-network",
      "provider": "provider[\"registry.terraform.io/hashicorp/google\"]",
      "instances": [
        {
          "schema_version": 0,
          "attributes": {
            "auto_create_subnetworks": false,
            "delete_default_routes_on_create": false,
            "description": "",
            "enable_ula_internal_ipv6": false,
            "gateway_ipv4": "",
            "id": "projects/gcp-jenkins-terraform/global/networks/vpc-network",
            "internal_ipv6_range": "",
            "mtu": 0,
            "name": "vpc-network",
            "network_firewall_policy_enforcement_order": "AFTER_CLASSIC_FIREWALL",
            "project": "gcp-jenkins-terraform",
            "routing_mode": "GLOBAL",
            "self_link": "https://www.googleapis.com/compute/v1/projects/gcp-jenkins-terraform/global/networks/vpc-network",
            "timeouts": null
          },
          "sensitive_attributes": [],
          "private": "eyJlMmJmYjczMC1lY2FhLTExZTYtOGY4OC0zNDM2M2JjN2M0YzAiOnsiY3JlYXRlIjoxMjAwMDAwMDAwMDAwLCJkZWxldGUiOjEyMDAwMDAwMDAwMDAsInVwZGF0ZSI6MTIwMDAwMDAwMDAwMH19",
          "dependencies": [
            "module.Network.google_project_service.compute"
          ]
        }
      ]
    },
    {
      "module": "module.Network",
      "mode": "managed",
      "type": "google_compute_subnetwork",
      "name": "public-subnet",
      "provider": "provider[\"registry.terraform.io/hashicorp/google\"]",
      "instances": [
        {
          "schema_version": 0,
          "attributes": {
            "creation_timestamp": "2023-11-03T07:21:35.654-07:00",
            "description": "",
            "external_ipv6_prefix": "",
            "fingerprint": null,
            "gateway_address": "10.1.0.1",
            "id": "projects/gcp-jenkins-terraform/regions/us-central1/subnetworks/public-subnet",
            "internal_ipv6_prefix": "",
            "ip_cidr_range": "10.1.0.0/16",
            "ipv6_access_type": "",
            "ipv6_cidr_range": "",
            "log_config": [],
            "name": "public-subnet",
            "network": "https://www.googleapis.com/compute/v1/projects/gcp-jenkins-terraform/global/networks/vpc-network",
            "private_ip_google_access": true,
            "private_ipv6_google_access": "DISABLE_GOOGLE_ACCESS",
            "project": "gcp-jenkins-terraform",
            "purpose": "PRIVATE",
            "region": "us-central1",
            "role": "",
            "secondary_ip_range": [
              {
                "ip_cidr_range": "10.80.0.0/20",
                "range_name": "gke-gke-cluster-services-a6774ef0"
              },
              {
                "ip_cidr_range": "10.76.0.0/14",
                "range_name": "gke-gke-cluster-pods-a6774ef0"
              }
            ],
            "self_link": "https://www.googleapis.com/compute/v1/projects/gcp-jenkins-terraform/regions/us-central1/subnetworks/public-subnet",
            "stack_type": "IPV4_ONLY",
            "timeouts": null
          },
          "sensitive_attributes": [],
          "private": "eyJlMmJmYjczMC1lY2FhLTExZTYtOGY4OC0zNDM2M2JjN2M0YzAiOnsiY3JlYXRlIjoxMjAwMDAwMDAwMDAwLCJkZWxldGUiOjEyMDAwMDAwMDAwMDAsInVwZGF0ZSI6MTIwMDAwMDAwMDAwMH19"
        }
      ]
    },
    {
      "module": "module.Network",
      "mode": "managed",
      "type": "google_project_service",
      "name": "compute",
      "provider": "provider[\"registry.terraform.io/hashicorp/google\"]",
      "instances": [
        {
          "schema_version": 0,
          "attributes": {
            "disable_dependent_services": true,
            "disable_on_destroy": true,
            "id": "gcp-jenkins-terraform/compute.googleapis.com",
            "project": "gcp-jenkins-terraform",
            "service": "compute.googleapis.com",
            "timeouts": null
          },
          "sensitive_attributes": [],
          "private": "eyJlMmJmYjczMC1lY2FhLTExZTYtOGY4OC0zNDM2M2JjN2M0YzAiOnsiY3JlYXRlIjoxMjAwMDAwMDAwMDAwLCJkZWxldGUiOjEyMDAwMDAwMDAwMDAsInJlYWQiOjYwMDAwMDAwMDAwMCwidXBkYXRlIjoxMjAwMDAwMDAwMDAwfX0="
        }
      ]
    }
  ],
  "check_results": null
}
